
Microsoft Visual Studio Solution File, Format Version 12.00
# Visual Studio Version 17
VisualStudioVersion = 17.12.35209.166
MinimumVisualStudioVersion = 10.0.40219.1
Project("{FAE04EC0-301F-11D3-BF4B-00C04F79EFBC}") = "Homework-28.08.2024-Log-Migration-Provider", "Homework-28.08.2024-Log-Migration-Provider\Homework-28.08.2024-Log-Migration-Provider.csproj", "{14C171FA-A0A1-4C6F-BA44-C86F3CF95BAB}"
EndProject
Global
	GlobalSection(SolutionConfigurationPlatforms) = preSolution
		Debug|Any CPU = Debug|Any CPU
		Release|Any CPU = Release|Any CPU
	EndGlobalSection
	GlobalSection(ProjectConfigurationPlatforms) = postSolution
		{14C171FA-A0A1-4C6F-BA44-C86F3CF95BAB}.Debug|Any CPU.ActiveCfg = Debug|Any CPU
		{14C171FA-A0A1-4C6F-BA44-C86F3CF95BAB}.Debug|Any CPU.Build.0 = Debug|Any CPU
		{14C171FA-A0A1-4C6F-BA44-C86F3CF95BAB}.Release|Any CPU.ActiveCfg = Release|Any CPU
		{14C171FA-A0A1-4C6F-BA44-C86F3CF95BAB}.Release|Any CPU.Build.0 = Release|Any CPU
	EndGlobalSection
	GlobalSection(SolutionProperties) = preSolution
		HideSolutionNode = FALSE
	EndGlobalSection
	GlobalSection(ExtensibilityGlobals) = postSolution
		SolutionGuid = {F4D818AF-ACBB-4A4B-81CB-A33AB8D0726E}
	EndGlobalSection
EndGlobal
